
Microsoft Visual Studio Solution File, Format Version 12.00
# Visual Studio Version 17
VisualStudioVersion = 17.6.33815.320
MinimumVisualStudioVersion = 10.0.40219.1
Project("{FAE04EC0-301F-11D3-BF4B-00C04F79EFBC}") = "Lab14C.Android", "Lab14C\Lab14C.Android\Lab14C.Android.csproj", "{865BA9AE-3C52-4833-882A-10443FFF2323}"
EndProject
Project("{FAE04EC0-301F-11D3-BF4B-00C04F79EFBC}") = "Lab14C.iOS", "Lab14C\Lab14C.iOS\Lab14C.iOS.csproj", "{1B061842-3DCD-4334-B0D6-4FF826AADE5B}"
EndProject
Project("{FAE04EC0-301F-11D3-BF4B-00C04F79EFBC}") = "Lab14C", "Lab14C\Lab14C\Lab14C.csproj", "{BB04ACFB-1B51-4EED-B145-289964209D87}"
EndProject
Global
	GlobalSection(SolutionConfigurationPlatforms) = preSolution
		Debug|Any CPU = Debug|Any CPU
		Debug|iPhone = Debug|iPhone
		Debug|iPhoneSimulator = Debug|iPhoneSimulator
		Release|Any CPU = Release|Any CPU
		Release|iPhone = Release|iPhone
		Release|iPhoneSimulator = Release|iPhoneSimulator
	EndGlobalSection
	GlobalSection(ProjectConfigurationPlatforms) = postSolution
		{865BA9AE-3C52-4833-882A-10443FFF2323}.Debug|Any CPU.ActiveCfg = Debug|Any CPU
		{865BA9AE-3C52-4833-882A-10443FFF2323}.Debug|Any CPU.Build.0 = Debug|Any CPU
		{865BA9AE-3C52-4833-882A-10443FFF2323}.Debug|Any CPU.Deploy.0 = Debug|Any CPU
		{865BA9AE-3C52-4833-882A-10443FFF2323}.Debug|iPhone.ActiveCfg = Debug|Any CPU
		{865BA9AE-3C52-4833-882A-10443FFF2323}.Debug|iPhone.Build.0 = Debug|Any CPU
		{865BA9AE-3C52-4833-882A-10443FFF2323}.Debug|iPhone.Deploy.0 = Debug|Any CPU
		{865BA9AE-3C52-4833-882A-10443FFF2323}.Debug|iPhoneSimulator.ActiveCfg = Debug|Any CPU
		{865BA9AE-3C52-4833-882A-10443FFF2323}.Debug|iPhoneSimulator.Build.0 = Debug|Any CPU
		{865BA9AE-3C52-4833-882A-10443FFF2323}.Debug|iPhoneSimulator.Deploy.0 = Debug|Any CPU
		{865BA9AE-3C52-4833-882A-10443FFF2323}.Release|Any CPU.ActiveCfg = Release|Any CPU
		{865BA9AE-3C52-4833-882A-10443FFF2323}.Release|Any CPU.Build.0 = Release|Any CPU
		{865BA9AE-3C52-4833-882A-10443FFF2323}.Release|Any CPU.Deploy.0 = Release|Any CPU
		{865BA9AE-3C52-4833-882A-10443FFF2323}.Release|iPhone.ActiveCfg = Release|Any CPU
		{865BA9AE-3C52-4833-882A-10443FFF2323}.Release|iPhone.Build.0 = Release|Any CPU
		{865BA9AE-3C52-4833-882A-10443FFF2323}.Release|iPhone.Deploy.0 = Release|Any CPU
		{865BA9AE-3C52-4833-882A-10443FFF2323}.Release|iPhoneSimulator.ActiveCfg = Release|Any CPU
		{865BA9AE-3C52-4833-882A-10443FFF2323}.Release|iPhoneSimulator.Build.0 = Release|Any CPU
		{865BA9AE-3C52-4833-882A-10443FFF2323}.Release|iPhoneSimulator.Deploy.0 = Release|Any CPU
		{1B061842-3DCD-4334-B0D6-4FF826AADE5B}.Debug|Any CPU.ActiveCfg = Debug|iPhone
		{1B061842-3DCD-4334-B0D6-4FF826AADE5B}.Debug|Any CPU.Build.0 = Debug|iPhone
		{1B061842-3DCD-4334-B0D6-4FF826AADE5B}.Debug|Any CPU.Deploy.0 = Debug|iPhone
		{1B061842-3DCD-4334-B0D6-4FF826AADE5B}.Debug|iPhone.ActiveCfg = Debug|iPhone
		{1B061842-3DCD-4334-B0D6-4FF826AADE5B}.Debug|iPhone.Build.0 = Debug|iPhone
		{1B061842-3DCD-4334-B0D6-4FF826AADE5B}.Debug|iPhone.Deploy.0 = Debug|iPhone
		{1B061842-3DCD-4334-B0D6-4FF826AADE5B}.Debug|iPhoneSimulator.ActiveCfg = Debug|iPhoneSimulator
		{1B061842-3DCD-4334-B0D6-4FF826AADE5B}.Debug|iPhoneSimulator.Build.0 = Debug|iPhoneSimulator
		{1B061842-3DCD-4334-B0D6-4FF826AADE5B}.Debug|iPhoneSimulator.Deploy.0 = Debug|iPhoneSimulator
		{1B061842-3DCD-4334-B0D6-4FF826AADE5B}.Release|Any CPU.ActiveCfg = Release|iPhoneSimulator
		{1B061842-3DCD-4334-B0D6-4FF826AADE5B}.Release|Any CPU.Build.0 = Release|iPhoneSimulator
		{1B061842-3DCD-4334-B0D6-4FF826AADE5B}.Release|Any CPU.Deploy.0 = Release|iPhoneSimulator
		{1B061842-3DCD-4334-B0D6-4FF826AADE5B}.Release|iPhone.ActiveCfg = Release|iPhone
		{1B061842-3DCD-4334-B0D6-4FF826AADE5B}.Release|iPhone.Build.0 = Release|iPhone
		{1B061842-3DCD-4334-B0D6-4FF826AADE5B}.Release|iPhone.Deploy.0 = Release|iPhone
		{1B061842-3DCD-4334-B0D6-4FF826AADE5B}.Release|iPhoneSimulator.ActiveCfg = Release|iPhoneSimulator
		{1B061842-3DCD-4334-B0D6-4FF826AADE5B}.Release|iPhoneSimulator.Build.0 = Release|iPhoneSimulator
		{1B061842-3DCD-4334-B0D6-4FF826AADE5B}.Release|iPhoneSimulator.Deploy.0 = Release|iPhoneSimulator
		{BB04ACFB-1B51-4EED-B145-289964209D87}.Debug|Any CPU.ActiveCfg = Debug|Any CPU
		{BB04ACFB-1B51-4EED-B145-289964209D87}.Debug|Any CPU.Build.0 = Debug|Any CPU
		{BB04ACFB-1B51-4EED-B145-289964209D87}.Debug|Any CPU.Deploy.0 = Debug|Any CPU
		{BB04ACFB-1B51-4EED-B145-289964209D87}.Debug|iPhone.ActiveCfg = Debug|Any CPU
		{BB04ACFB-1B51-4EED-B145-289964209D87}.Debug|iPhone.Build.0 = Debug|Any CPU
		{BB04ACFB-1B51-4EED-B145-289964209D87}.Debug|iPhone.Deploy.0 = Debug|Any CPU
		{BB04ACFB-1B51-4EED-B145-289964209D87}.Debug|iPhoneSimulator.ActiveCfg = Debug|Any CPU
		{BB04ACFB-1B51-4EED-B145-289964209D87}.Debug|iPhoneSimulator.Build.0 = Debug|Any CPU
		{BB04ACFB-1B51-4EED-B145-289964209D87}.Debug|iPhoneSimulator.Deploy.0 = Debug|Any CPU
		{BB04ACFB-1B51-4EED-B145-289964209D87}.Release|Any CPU.ActiveCfg = Release|Any CPU
		{BB04ACFB-1B51-4EED-B145-289964209D87}.Release|Any CPU.Build.0 = Release|Any CPU
		{BB04ACFB-1B51-4EED-B145-289964209D87}.Release|Any CPU.Deploy.0 = Release|Any CPU
		{BB04ACFB-1B51-4EED-B145-289964209D87}.Release|iPhone.ActiveCfg = Release|Any CPU
		{BB04ACFB-1B51-4EED-B145-289964209D87}.Release|iPhone.Build.0 = Release|Any CPU
		{BB04ACFB-1B51-4EED-B145-289964209D87}.Release|iPhone.Deploy.0 = Release|Any CPU
		{BB04ACFB-1B51-4EED-B145-289964209D87}.Release|iPhoneSimulator.ActiveCfg = Release|Any CPU
		{BB04ACFB-1B51-4EED-B145-289964209D87}.Release|iPhoneSimulator.Build.0 = Release|Any CPU
		{BB04ACFB-1B51-4EED-B145-289964209D87}.Release|iPhoneSimulator.Deploy.0 = Release|Any CPU
	EndGlobalSection
	GlobalSection(SolutionProperties) = preSolution
		HideSolutionNode = FALSE
	EndGlobalSection
	GlobalSection(ExtensibilityGlobals) = postSolution
		SolutionGuid = {D3B35563-4519-4359-84E3-678BC55D1FAB}
	EndGlobalSection
EndGlobal
